{
  "nodes": {
    "analysis-utilities": {
      "inputs": {
        "flake-utils": "flake-utils",
        "nixpkgs": "nixpkgs"
      },
      "locked": {
        "lastModified": 1790097080,
        "narHash": "sha256-LIKh44WEGXSAWJuCGFu7vv/fuaAUYX8NA0g57v3cEeg=",
        "owner": "ewtodd",
        "repo": "Analysis-Utilities",
        "rev": "a030519fea84914ecd5439d629f42aedf3424fa5",
        "type": "github"
      },
      "original": {
        "owner": "ewtodd",
        "repo": "Analysis-Utilities",
        "type": "github"
      }
    },
    "curriculum-vitae": {
      "flake": false,
      "locked": {
        "lastModified": 1790901314,
        "narHash": "sha256-NoyWR5Q78AgHq0+plUTSMDIsYyTfR0l6E+calQhhF1o=",
        "owner": "ewtodd",
        "repo": "Curriculum-Vitae",
        "rev": "7b49da7a642fcedfc0e72271fedb34706953be1a",
        "type": "github"
      },
      "original": {
        "owner": "ewtodd",
        "repo": "Curriculum-Vitae",
        "type": "github"
      }
    },
    "flake-utils": {
      "inputs": {
        "systems": "systems"
      },
      "locked": {
        "lastModified": 1731533236,
        "narHash": "sha256-l0KFg5HjrsfsO/JpG+r7fRrqm12kzFHyUHqHCVpMMbI=",
        "owner": "numtide",
        "repo": "flake-utils",
        "rev": "11707dc2f618dd54ca8739b309ec4fc024de578b",
        "type": "github"
      },
      "original": {
        "owner": "numtide",
        "repo": "flake-utils",
        "type": "github"
      }
    },
    "flake-utils_2": {
      "inputs": {
        "systems": "systems_2"
      },
      "locked": {
        "lastModified": 1731533236,
        "narHash": "sha256-l0KFg5HjrsfsO/JpG+r7fRrqm12kzFHyUHqHCVpMMbI=",
        "owner": "numtide",
        "repo": "flake-utils",
        "rev": "11707dc2f618dd54ca8739b309ec4fc024de578b",
        "type": "github"
      },
      "original": {
        "owner": "numtide",
        "repo": "flake-utils",
        "type": "github"
      }
    },
    "flake-utils_3": {
      "inputs": {
        "systems": "systems_3"
      },
      "locked": {
        "lastModified": 1731533236,
        "narHash": "sha256-l0KFg5HjrsfsO/JpG+r7fRrqm12kzFHyUHqHCVpMMbI=",
        "owner": "numtide",
        "repo": "flake-utils",
        "rev": "11707dc2f618dd54ca8739b309ec4fc024de578b",
        "type": "github"
      },
      "original": {
        "owner": "numtide",
        "repo": "flake-utils",
        "type": "github"
      }
    },
    "flake-utils_4": {
      "inputs": {
        "systems": "systems_4"
      },
      "locked": {
        "lastModified": 1731533236,
        "narHash": "sha256-l0KFg5HjrsfsO/JpG+r7fRrqm12kzFHyUHqHCVpMMbI=",
        "owner": "numtide",
        "repo": "flake-utils",
        "rev": "11707dc2f618dd54ca8739b309ec4fc024de578b",
        "type": "github"
      },
      "original": {
        "owner": "numtide",
        "repo": "flake-utils",
        "type": "github"
      }
    },
    "music": {
      "inputs": {
        "flake-utils": "flake-utils_3",
        "nixpkgs": [
          "music",
          "utils",
          "nixpkgs"
        ],
        "talys-nix": "talys-nix",
        "utils": "utils"
      },
      "locked": {
        "lastModified": 1790898469,
        "narHash": "sha256-f5Aex6oCh35HkogASIaY3i1cHEmBcxcstTUZuXWteC4=",
        "owner": "ewtodd",
        "repo": "MUSIC",
        "rev": "017043be562f78d751bdc690f9b5f0b7f97045f8",
        "type": "github"
      },
      "original": {
        "owner": "ewtodd",
        "repo": "MUSIC",
        "type": "github"
      }
    },
    "nixpkgs": {
      "locked": {
        "lastModified": 1785828668,
        "narHash": "sha256-8fsyqeO+mJqvIzeO4xIpgJe/f7MTbbVTEC6RT6WSXNs=",
        "owner": "NixOS",
        "repo": "nixpkgs",
        "rev": "e72e4f299401a3689d4b3d5fc6496b11db7064eb",
        "type": "github"
      },
      "original": {
        "owner": "NixOS",
        "ref": "nixos-unstable",
        "repo": "nixpkgs",
        "type": "github"
      }
    },
    "nixpkgs_2": {
      "locked": {
        "lastModified": 1785828668,
        "narHash": "sha256-8fsyqeO+mJqvIzeO4xIpgJe/f7MTbbVTEC6RT6WSXNs=",
        "owner": "NixOS",
        "repo": "nixpkgs",
        "rev": "e72e4f299401a3689d4b3d5fc6496b11db7064eb",
        "type": "github"
      },
      "original": {
        "owner": "NixOS",
        "ref": "nixos-unstable",
        "repo": "nixpkgs",
        "type": "github"
      }
    },
    "nixpkgs_3": {
      "locked": {
        "lastModified": 1790822859,
        "narHash": "sha256-69xHQhAeMAD2wDXO7T2pcOZIF9Sga2W+JkmY2a11Ops=",
        "owner": "NixOS",
        "repo": "nixpkgs",
        "rev": "c59305bab2065cfecc4944690d9eedbb56f3a9fa",
        "type": "github"
      },
      "original": {
        "owner": "NixOS",
        "ref": "nixos-unstable",
        "repo": "nixpkgs",
        "type": "github"
      }
    },
    "root": {
      "inputs": {
        "analysis-utilities": "analysis-utilities",
        "curriculum-vitae": "curriculum-vitae",
        "flake-utils": "flake-utils_2",
        "music": "music",
        "nixpkgs": "nixpkgs_3"
      }
    },
    "systems": {
      "locked": {
        "lastModified": 1681028828,
        "narHash": "sha256-Vy1rq5AaRuLzOxct8nz4T6wlgyUR7zLU309k9mBC768=",
        "owner": "nix-systems",
        "repo": "default",
        "rev": "da67096a3b9bf56a91d16901293e51ba5b49a27e",
        "type": "github"
      },
      "original": {
        "owner": "nix-systems",
        "repo": "default",
        "type": "github"
      }
    },
    "systems_2": {
      "locked": {
        "lastModified": 1681028828,
        "narHash": "sha256-Vy1rq5AaRuLzOxct8nz4T6wlgyUR7zLU309k9mBC768=",
        "owner": "nix-systems",
        "repo": "default",
        "rev": "da67096a3b9bf56a91d16901293e51ba5b49a27e",
        "type": "github"
      },
      "original": {
        "owner": "nix-systems",
        "repo": "default",
        "type": "github"
      }
    },
    "systems_3": {
      "locked": {
        "lastModified": 1681028828,
        "narHash": "sha256-Vy1rq5AaRuLzOxct8nz4T6wlgyUR7zLU309k9mBC768=",
        "owner": "nix-systems",
        "repo": "default",
        "rev": "da67096a3b9bf56a91d16901293e51ba5b49a27e",
        "type": "github"
      },
      "original": {
        "owner": "nix-systems",
        "repo": "default",
        "type": "github"
      }
    },
    "systems_4": {
      "locked": {
        "lastModified": 1681028828,
        "narHash": "sha256-Vy1rq5AaRuLzOxct8nz4T6wlgyUR7zLU309k9mBC768=",
        "owner": "nix-systems",
        "repo": "default",
        "rev": "da67096a3b9bf56a91d16901293e51ba5b49a27e",
        "type": "github"
      },
      "original": {
        "owner": "nix-systems",
        "repo": "default",
        "type": "github"
      }
    },
    "talys-nix": {
      "inputs": {
        "nixpkgs": [
          "music",
          "nixpkgs"
        ]
      },
      "locked": {
        "lastModified": 1790019017,
        "narHash": "sha256-s71oE55Qw3o+TBp8lEYDalpR+tb0rv/YoUPbozfC6ZQ=",
        "owner": "ewtodd",
        "repo": "talys-nix",
        "rev": "dd5344c4c614e909893d0ae3b3736daafb9cfab0",
        "type": "github"
      },
      "original": {
        "owner": "ewtodd",
        "repo": "talys-nix",
        "type": "github"
      }
    },
    "utils": {
      "inputs": {
        "flake-utils": "flake-utils_4",
        "nixpkgs": "nixpkgs_2"
      },
      "locked": {
        "lastModified": 1790097080,
        "narHash": "sha256-LIKh44WEGXSAWJuCGFu7vv/fuaAUYX8NA0g57v3cEeg=",
        "owner": "ewtodd",
        "repo": "Analysis-Utilities",
        "rev": "a030519fea84914ecd5439d629f42aedf3424fa5",
        "type": "github"
      },
      "original": {
        "owner": "ewtodd",
        "repo": "Analysis-Utilities",
        "type": "github"
      }
    }
  },
  "root": "root",
  "version": 7
}
